Microsoft Visual Studio Solution File, Format Version 11.00
# Visual Studio 2008

Project("{F2FF54C1-7C04-8DFC-7185-94BD927DED40}") = "Bacon_Simulator", "Assembly-CSharp.csproj", "{DDBFB3A4-70BE-DC69-D4F0-E9713C21589F}"
EndProject
Global
	GlobalSection(SolutionConfigurationPlatforms) = preSolution
		Debug|Any CPU = Debug|Any CPU
		Release|Any CPU = Release|Any CPU
	EndGlobalSection
	GlobalSection(ProjectConfigurationPlatforms) = postSolution
		{DDBFB3A4-70BE-DC69-D4F0-E9713C21589F}.Debug|Any CPU.ActiveCfg = Debug|Any CPU
		{DDBFB3A4-70BE-DC69-D4F0-E9713C21589F}.Debug|Any CPU.Build.0 = Debug|Any CPU
		{DDBFB3A4-70BE-DC69-D4F0-E9713C21589F}.Release|Any CPU.ActiveCfg = Release|Any CPU
		{DDBFB3A4-70BE-DC69-D4F0-E9713C21589F}.Release|Any CPU.Build.0 = Release|Any CPU
	EndGlobalSection
	GlobalSection(SolutionProperties) = preSolution
		HideSolutionNode = FALSE
	EndGlobalSection
	GlobalSection(MonoDevelopProperties) = preSolution
		StartupItem = Assembly-CSharp.csproj
	EndGlobalSection
EndGlobal
